// !$*UTF8*$!
{
	archiveVersion = 1;
	classes = {
	};
	objectVersion = 46;
	objects = {

/* Begin PBXBuildFile section */
		AB4966771BEF566A00249276 /* 3a5.jpg in Resources */ = {isa = PBXBuildFile; fileRef = AB4966521BEF566A00249276 /* 3a5.jpg */; settings = {ASSET_TAGS = (); }; };
		AB4966781BEF566A00249276 /* 3cd8a33a.png in Resources */ = {isa = PBXBuildFile; fileRef = AB4966531BEF566A00249276 /* 3cd8a33a.png */; settings = {ASSET_TAGS = (); }; };
		AB4966791BEF566A00249276 /* 6e8.jpg in Resources */ = {isa = PBXBuildFile; fileRef = AB4966541BEF566A00249276 /* 6e8.jpg */; settings = {ASSET_TAGS = (); }; };
		AB49667A1BEF566A00249276 /* 22118345.jpg in Resources */ = {isa = PBXBuildFile; fileRef = AB4966551BEF566A00249276 /* 22118345.jpg */; settings = {ASSET_TAGS = (); }; };
		AB49667B1BEF566A00249276 /* 64662036.jpg in Resources */ = {isa = PBXBuildFile; fileRef = AB4966561BEF566A00249276 /* 64662036.jpg */; settings = {ASSET_TAGS = (); }; };
		AB49667C1BEF566A00249276 /* 14294565452_b674a4a861_z.jpg in Resources */ = {isa = PBXBuildFile; fileRef = AB4966571BEF566A00249276 /* 14294565452_b674a4a861_z.jpg */; settings = {ASSET_TAGS = (); }; };
		AB49667D1BEF566A00249276 /* ancient-aliens---illuminati_o_4369323.jpg in Resources */ = {isa = PBXBuildFile; fileRef = AB4966581BEF566A00249276 /* ancient-aliens---illuminati_o_4369323.jpg */; settings = {ASSET_TAGS = (); }; };
		AB49667E1BEF566A00249276 /* angry_pepe.jpg in Resources */ = {isa = PBXBuildFile; fileRef = AB4966591BEF566A00249276 /* angry_pepe.jpg */; settings = {ASSET_TAGS = (); }; };
		AB49667F1BEF566A00249276 /* baby-memes-omg-cute-things-083012-10.jpg in Resources */ = {isa = PBXBuildFile; fileRef = AB49665A1BEF566A00249276 /* baby-memes-omg-cute-things-083012-10.jpg */; settings = {ASSET_TAGS = (); }; };
		AB4966801BEF566A00249276 /* BvKQELs.png in Resources */ = {isa = PBXBuildFile; fileRef = AB49665B1BEF566A00249276 /* BvKQELs.png */; settings = {ASSET_TAGS = (); }; };
		AB4966811BEF566A00249276 /* c2d.jpg in Resources */ = {isa = PBXBuildFile; fileRef = AB49665C1BEF566A00249276 /* c2d.jpg */; settings = {ASSET_TAGS = (); }; };
		AB4966821BEF566A00249276 /* dankmemepic.jpg in Resources */ = {isa = PBXBuildFile; fileRef = AB49665D1BEF566A00249276 /* dankmemepic.jpg */; settings = {ASSET_TAGS = (); }; };
		AB4966831BEF566A00249276 /* deaf1.jpg in Resources */ = {isa = PBXBuildFile; fileRef = AB49665E1BEF566A00249276 /* deaf1.jpg */; settings = {ASSET_TAGS = (); }; };
		AB4966841BEF566A00249276 /* DealWithIt-500x330.jpg in Resources */ = {isa = PBXBuildFile; fileRef = AB49665F1BEF566A00249276 /* DealWithIt-500x330.jpg */; settings = {ASSET_TAGS = (); }; };
		AB4966851BEF566A00249276 /* Dec813-funny-memes-63.jpg in Resources */ = {isa = PBXBuildFile; fileRef = AB4966601BEF566A00249276 /* Dec813-funny-memes-63.jpg */; settings = {ASSET_TAGS = (); }; };
		AB4966861BEF566A00249276 /* download (1).jpe in Resources */ = {isa = PBXBuildFile; fileRef = AB4966611BEF566A00249276 /* download (1).jpe */; settings = {ASSET_TAGS = (); }; };
		AB4966871BEF566A00249276 /* download (2).jpe in Resources */ = {isa = PBXBuildFile; fileRef = AB4966621BEF566A00249276 /* download (2).jpe */; settings = {ASSET_TAGS = (); }; };
		AB4966881BEF566A00249276 /* download (3).jpe in Resources */ = {isa = PBXBuildFile; fileRef = AB4966631BEF566A00249276 /* download (3).jpe */; settings = {ASSET_TAGS = (); }; };
		AB4966891BEF566A00249276 /* download (4).jpe in Resources */ = {isa = PBXBuildFile; fileRef = AB4966641BEF566A00249276 /* download (4).jpe */; settings = {ASSET_TAGS = (); }; };
		AB49668A1BEF566A00249276 /* download.jpe in Resources */ = {isa = PBXBuildFile; fileRef = AB4966651BEF566A00249276 /* download.jpe */; settings = {ASSET_TAGS = (); }; };
		AB49668B1BEF566A00249276 /* download.png in Resources */ = {isa = PBXBuildFile; fileRef = AB4966661BEF566A00249276 /* download.png */; settings = {ASSET_TAGS = (); }; };
		AB49668C1BEF566A00249276 /* fbd.jpg in Resources */ = {isa = PBXBuildFile; fileRef = AB4966671BEF566A00249276 /* fbd.jpg */; settings = {ASSET_TAGS = (); }; };
		AB49668D1BEF566A00249276 /* flat,800x800,075,t.u1.jpg in Resources */ = {isa = PBXBuildFile; fileRef = AB4966681BEF566A00249276 /* flat,800x800,075,t.u1.jpg */; settings = {ASSET_TAGS = (); }; };
		AB49668E1BEF566A00249276 /* I-Like-Yer-Style-Dude.jpg in Resources */ = {isa = PBXBuildFile; fileRef = AB4966691BEF566A00249276 /* I-Like-Yer-Style-Dude.jpg */; settings = {ASSET_TAGS = (); }; };
		AB49668F1BEF566A00249276 /* il_570xN.770306005_2us4.jpg in Resources */ = {isa = PBXBuildFile; fileRef = AB49666A1BEF566A00249276 /* il_570xN.770306005_2us4.jpg */; settings = {ASSET_TAGS = (); }; };
		AB4966901BEF566A00249276 /* images (1).jpe in Resources */ = {isa = PBXBuildFile; fileRef = AB49666B1BEF566A00249276 /* images (1).jpe */; settings = {ASSET_TAGS = (); }; };
		AB4966911BEF566A00249276 /* images (2).jpe in Resources */ = {isa = PBXBuildFile; fileRef = AB49666C1BEF566A00249276 /* images (2).jpe */; settings = {ASSET_TAGS = (); }; };
		AB4966921BEF566A00249276 /* images (3).jpe in Resources */ = {isa = PBXBuildFile; fileRef = AB49666D1BEF566A00249276 /* images (3).jpe */; settings = {ASSET_TAGS = (); }; };
		AB4966931BEF566A00249276 /* images (4).jpe in Resources */ = {isa = PBXBuildFile; fileRef = AB49666E1BEF566A00249276 /* images (4).jpe */; settings = {ASSET_TAGS = (); }; };
		AB4966941BEF566A00249276 /* images.jpe in Resources */ = {isa = PBXBuildFile; fileRef = AB49666F1BEF566A00249276 /* images.jpe */; settings = {ASSET_TAGS = (); }; };
		AB4966951BEF566A00249276 /* impossibru.jpeg in Resources */ = {isa = PBXBuildFile; fileRef = AB4966701BEF566A00249276 /* impossibru.jpeg */; settings = {ASSET_TAGS = (); }; };
		AB4966961BEF566A00249276 /* JackieChan.png in Resources */ = {isa = PBXBuildFile; fileRef = AB4966711BEF566A00249276 /* JackieChan.png */; settings = {ASSET_TAGS = (); }; };
		AB4966971BEF566A00249276 /* oh-really.png in Resources */ = {isa = PBXBuildFile; fileRef = AB4966721BEF566A00249276 /* oh-really.png */; settings = {ASSET_TAGS = (); }; };
		AB4966981BEF566A00249276 /* orly_owl.jpg in Resources */ = {isa = PBXBuildFile; fileRef = AB4966731BEF566A00249276 /* orly_owl.jpg */; settings = {ASSET_TAGS = (); }; };
		AB4966991BEF566A00249276 /* Pepe_7ba1f9_5547399.jpg in Resources */ = {isa = PBXBuildFile; fileRef = AB4966741BEF566A00249276 /* Pepe_7ba1f9_5547399.jpg */; settings = {ASSET_TAGS = (); }; };
		AB49669A1BEF566A00249276 /* thug-life-meme-glasses.jpeg in Resources */ = {isa = PBXBuildFile; fileRef = AB4966751BEF566A00249276 /* thug-life-meme-glasses.jpeg */; settings = {ASSET_TAGS = (); }; };
		AB49669B1BEF566A00249276 /* tumblr_nn58tbQYWZ1titub2o1_500.jpg in Resources */ = {isa = PBXBuildFile; fileRef = AB4966761BEF566A00249276 /* tumblr_nn58tbQYWZ1titub2o1_500.jpg */; settings = {ASSET_TAGS = (); }; };
		E66A075E1BEEA588000BFF3B /* AppDelegate.swift in Sources */ = {isa = PBXBuildFile; fileRef = E66A075D1BEEA588000BFF3B /* AppDelegate.swift */; };
		E66A07601BEEA588000BFF3B /* ViewController.swift in Sources */ = {isa = PBXBuildFile; fileRef = E66A075F1BEEA588000BFF3B /* ViewController.swift */; };
		E66A07631BEEA588000BFF3B /* Main.storyboard in Resources */ = {isa = PBXBuildFile; fileRef = E66A07611BEEA588000BFF3B /* Main.storyboard */; };
		E66A07651BEEA588000BFF3B /* Images.xcassets in Resources */ = {isa = PBXBuildFile; fileRef = E66A07641BEEA588000BFF3B /* Images.xcassets */; };
		E66A07681BEEA588000BFF3B /* LaunchScreen.xib in Resources */ = {isa = PBXBuildFile; fileRef = E66A07661BEEA588000BFF3B /* LaunchScreen.xib */; };
		E66A07741BEEA588000BFF3B /* DankMemesTests.swift in Sources */ = {isa = PBXBuildFile; fileRef = E66A07731BEEA588000BFF3B /* DankMemesTests.swift */; };
		E66A07861BEEA69B000BFF3B /* KeyboardViewController.swift in Sources */ = {isa = PBXBuildFile; fileRef = E66A07851BEEA69B000BFF3B /* KeyboardViewController.swift */; };
		E66A07891BEEA69B000BFF3B /* LeMemeKeyboard.appex in Embed App Extensions */ = {isa = PBXBuildFile; fileRef = E66A07811BEEA69B000BFF3B /* LeMemeKeyboard.appex */; settings = {ATTRIBUTES = (RemoveHeadersOnCopy, ); }; };
/* End PBXBuildFile section */

/* Begin PBXContainerItemProxy section */
		E66A076E1BEEA588000BFF3B /* PBXContainerItemProxy */ = {
			isa = PBXContainerItemProxy;
			containerPortal = E66A07501BEEA588000BFF3B /* Project object */;
			proxyType = 1;
			remoteGlobalIDString = E66A07571BEEA588000BFF3B;
			remoteInfo = DankMemes;
		};
		E66A07871BEEA69B000BFF3B /* PBXContainerItemProxy */ = {
			isa = PBXContainerItemProxy;
			containerPortal = E66A07501BEEA588000BFF3B /* Project object */;
			proxyType = 1;
			remoteGlobalIDString = E66A07801BEEA69B000BFF3B;
			remoteInfo = LeMemeKeyboard;
		};
/* End PBXContainerItemProxy section */

/* Begin PBXCopyFilesBuildPhase section */
		E66A078D1BEEA69B000BFF3B /* Embed App Extensions */ = {
			isa = PBXCopyFilesBuildPhase;
			buildActionMask = 2147483647;
			dstPath = "";
			dstSubfolderSpec = 13;
			files = (
				E66A07891BEEA69B000BFF3B /* LeMemeKeyboard.appex in Embed App Extensions */,
			);
			name = "Embed App Extensions";
			runOnlyForDeploymentPostprocessing = 0;
		};
/* End PBXCopyFilesBuildPhase section */

/* Begin PBXFileReference section */
		AB4966521BEF566A00249276 /* 3a5.jpg */ = {isa = PBXFileReference; lastKnownFileType = image.jpeg; path = 3a5.jpg; sourceTree = "<group>"; };
		AB4966531BEF566A00249276 /* 3cd8a33a.png */ = {isa = PBXFileReference; lastKnownFileType = image.png; path = 3cd8a33a.png; sourceTree = "<group>"; };
		AB4966541BEF566A00249276 /* 6e8.jpg */ = {isa = PBXFileReference; lastKnownFileType = image.jpeg; path = 6e8.jpg; sourceTree = "<group>"; };
		AB4966551BEF566A00249276 /* 22118345.jpg */ = {isa = PBXFileReference; lastKnownFileType = image.jpeg; path = 22118345.jpg; sourceTree = "<group>"; };
		AB4966561BEF566A00249276 /* 64662036.jpg */ = {isa = PBXFileReference; lastKnownFileType = image.jpeg; path = 64662036.jpg; sourceTree = "<group>"; };
		AB4966571BEF566A00249276 /* 14294565452_b674a4a861_z.jpg */ = {isa = PBXFileReference; lastKnownFileType = image.jpeg; path = 14294565452_b674a4a861_z.jpg; sourceTree = "<group>"; };
		AB4966581BEF566A00249276 /* ancient-aliens---illuminati_o_4369323.jpg */ = {isa = PBXFileReference; lastKnownFileType = image.jpeg; path = "ancient-aliens---illuminati_o_4369323.jpg"; sourceTree = "<group>"; };
		AB4966591BEF566A00249276 /* angry_pepe.jpg */ = {isa = PBXFileReference; lastKnownFileType = image.jpeg; path = angry_pepe.jpg; sourceTree = "<group>"; };
		AB49665A1BEF566A00249276 /* baby-memes-omg-cute-things-083012-10.jpg */ = {isa = PBXFileReference; lastKnownFileType = image.jpeg; path = "baby-memes-omg-cute-things-083012-10.jpg"; sourceTree = "<group>"; };
		AB49665B1BEF566A00249276 /* BvKQELs.png */ = {isa = PBXFileReference; lastKnownFileType = image.png; path = BvKQELs.png; sourceTree = "<group>"; };
		AB49665C1BEF566A00249276 /* c2d.jpg */ = {isa = PBXFileReference; lastKnownFileType = image.jpeg; path = c2d.jpg; sourceTree = "<group>"; };
		AB49665D1BEF566A00249276 /* dankmemepic.jpg */ = {isa = PBXFileReference; lastKnownFileType = image.jpeg; path = dankmemepic.jpg; sourceTree = "<group>"; };
		AB49665E1BEF566A00249276 /* deaf1.jpg */ = {isa = PBXFileReference; lastKnownFileType = image.jpeg; path = deaf1.jpg; sourceTree = "<group>"; };
		AB49665F1BEF566A00249276 /* DealWithIt-500x330.jpg */ = {isa = PBXFileReference; lastKnownFileType = image.jpeg; path = "DealWithIt-500x330.jpg"; sourceTree = "<group>"; };
		AB4966601BEF566A00249276 /* Dec813-funny-memes-63.jpg */ = {isa = PBXFileReference; lastKnownFileType = image.jpeg; path = "Dec813-funny-memes-63.jpg"; sourceTree = "<group>"; };
		AB4966611BEF566A00249276 /* download (1).jpe */ = {isa = PBXFileReference; lastKnownFileType = file; path = "download (1).jpe"; sourceTree = "<group>"; };
		AB4966621BEF566A00249276 /* download (2).jpe */ = {isa = PBXFileReference; lastKnownFileType = file; path = "download (2).jpe"; sourceTree = "<group>"; };
		AB4966631BEF566A00249276 /* download (3).jpe */ = {isa = PBXFileReference; lastKnownFileType = file; path = "download (3).jpe"; sourceTree = "<group>"; };
		AB4966641BEF566A00249276 /* download (4).jpe */ = {isa = PBXFileReference; lastKnownFileType = file; path = "download (4).jpe"; sourceTree = "<group>"; };
		AB4966651BEF566A00249276 /* download.jpe */ = {isa = PBXFileReference; lastKnownFileType = file; path = download.jpe; sourceTree = "<group>"; };
		AB4966661BEF566A00249276 /* download.png */ = {isa = PBXFileReference; lastKnownFileType = image.png; path = download.png; sourceTree = "<group>"; };
		AB4966671BEF566A00249276 /* fbd.jpg */ = {isa = PBXFileReference; lastKnownFileType = image.jpeg; path = fbd.jpg; sourceTree = "<group>"; };
		AB4966681BEF566A00249276 /* flat,800x800,075,t.u1.jpg */ = {isa = PBXFileReference; lastKnownFileType = image.jpeg; path = "flat,800x800,075,t.u1.jpg"; sourceTree = "<group>"; };
		AB4966691BEF566A00249276 /* I-Like-Yer-Style-Dude.jpg */ = {isa = PBXFileReference; lastKnownFileType = image.jpeg; path = "I-Like-Yer-Style-Dude.jpg"; sourceTree = "<group>"; };
		AB49666A1BEF566A00249276 /* il_570xN.770306005_2us4.jpg */ = {isa = PBXFileReference; lastKnownFileType = image.jpeg; path = il_570xN.770306005_2us4.jpg; sourceTree = "<group>"; };
		AB49666B1BEF566A00249276 /* images (1).jpe */ = {isa = PBXFileReference; lastKnownFileType = file; path = "images (1).jpe"; sourceTree = "<group>"; };
		AB49666C1BEF566A00249276 /* images (2).jpe */ = {isa = PBXFileReference; lastKnownFileType = file; path = "images (2).jpe"; sourceTree = "<group>"; };
		AB49666D1BEF566A00249276 /* images (3).jpe */ = {isa = PBXFileReference; lastKnownFileType = file; path = "images (3).jpe"; sourceTree = "<group>"; };
		AB49666E1BEF566A00249276 /* images (4).jpe */ = {isa = PBXFileReference; lastKnownFileType = file; path = "images (4).jpe"; sourceTree = "<group>"; };
		AB49666F1BEF566A00249276 /* images.jpe */ = {isa = PBXFileReference; lastKnownFileType = file; path = images.jpe; sourceTree = "<group>"; };
		AB4966701BEF566A00249276 /* impossibru.jpeg */ = {isa = PBXFileReference; lastKnownFileType = image.jpeg; path = impossibru.jpeg; sourceTree = "<group>"; };
		AB4966711BEF566A00249276 /* JackieChan.png */ = {isa = PBXFileReference; lastKnownFileType = image.png; path = JackieChan.png; sourceTree = "<group>"; };
		AB4966721BEF566A00249276 /* oh-really.png */ = {isa = PBXFileReference; lastKnownFileType = image.png; path = "oh-really.png"; sourceTree = "<group>"; };
		AB4966731BEF566A00249276 /* orly_owl.jpg */ = {isa = PBXFileReference; lastKnownFileType = image.jpeg; path = orly_owl.jpg; sourceTree = "<group>"; };
		AB4966741BEF566A00249276 /* Pepe_7ba1f9_5547399.jpg */ = {isa = PBXFileReference; lastKnownFileType = image.jpeg; path = Pepe_7ba1f9_5547399.jpg; sourceTree = "<group>"; };
		AB4966751BEF566A00249276 /* thug-life-meme-glasses.jpeg */ = {isa = PBXFileReference; lastKnownFileType = image.jpeg; path = "thug-life-meme-glasses.jpeg"; sourceTree = "<group>"; };
		AB4966761BEF566A00249276 /* tumblr_nn58tbQYWZ1titub2o1_500.jpg */ = {isa = PBXFileReference; lastKnownFileType = image.jpeg; path = tumblr_nn58tbQYWZ1titub2o1_500.jpg; sourceTree = "<group>"; };
		E66A07581BEEA588000BFF3B /* DankMemes.app */ = {isa = PBXFileReference; explicitFileType = wrapper.application; includeInIndex = 0; path = DankMemes.app; sourceTree = BUILT_PRODUCTS_DIR; };
		E66A075C1BEEA588000BFF3B /* Info.plist */ = {isa = PBXFileReference; lastKnownFileType = text.plist.xml; path = Info.plist; sourceTree = "<group>"; };
		E66A075D1BEEA588000BFF3B /* AppDelegate.swift */ = {isa = PBXFileReference; lastKnownFileType = sourcecode.swift; path = AppDelegate.swift; sourceTree = "<group>"; };
		E66A075F1BEEA588000BFF3B /* ViewController.swift */ = {isa = PBXFileReference; lastKnownFileType = sourcecode.swift; path = ViewController.swift; sourceTree = "<group>"; };
		E66A07621BEEA588000BFF3B /* Base */ = {isa = PBXFileReference; lastKnownFileType = file.storyboard; name = Base; path = Base.lproj/Main.storyboard; sourceTree = "<group>"; };
		E66A07641BEEA588000BFF3B /* Images.xcassets */ = {isa = PBXFileReference; lastKnownFileType = folder.assetcatalog; path = Images.xcassets; sourceTree = "<group>"; };
		E66A07671BEEA588000BFF3B /* Base */ = {isa = PBXFileReference; lastKnownFileType = file.xib; name = Base; path = Base.lproj/LaunchScreen.xib; sourceTree = "<group>"; };
		E66A076D1BEEA588000BFF3B /* DankMemesTests.xctest */ = {isa = PBXFileReference; explicitFileType = wrapper.cfbundle; includeInIndex = 0; path = DankMemesTests.xctest; sourceTree = BUILT_PRODUCTS_DIR; };
		E66A07721BEEA588000BFF3B /* Info.plist */ = {isa = PBXFileReference; lastKnownFileType = text.plist.xml; path = Info.plist; sourceTree = "<group>"; };
		E66A07731BEEA588000BFF3B /* DankMemesTests.swift */ = {isa = PBXFileReference; lastKnownFileType = sourcecode.swift; path = DankMemesTests.swift; sourceTree = "<group>"; };
		E66A07811BEEA69B000BFF3B /* LeMemeKeyboard.appex */ = {isa = PBXFileReference; explicitFileType = "wrapper.app-extension"; includeInIndex = 0; path = LeMemeKeyboard.appex; sourceTree = BUILT_PRODUCTS_DIR; };
		E66A07841BEEA69B000BFF3B /* Info.plist */ = {isa = PBXFileReference; lastKnownFileType = text.plist.xml; path = Info.plist; sourceTree = "<group>"; };
		E66A07851BEEA69B000BFF3B /* KeyboardViewController.swift */ = {isa = PBXFileReference; lastKnownFileType = sourcecode.swift; path = KeyboardViewController.swift; sourceTree = "<group>"; };
/* End PBXFileReference section */

/* Begin PBXFrameworksBuildPhase section */
		E66A07551BEEA588000BFF3B /* Frameworks */ = {
			isa = PBXFrameworksBuildPhase;
			buildActionMask = 2147483647;
			files = (
			);
			runOnlyForDeploymentPostprocessing = 0;
		};
		E66A076A1BEEA588000BFF3B /* Frameworks */ = {
			isa = PBXFrameworksBuildPhase;
			buildActionMask = 2147483647;
			files = (
			);
			runOnlyForDeploymentPostprocessing = 0;
		};
		E66A077E1BEEA69B000BFF3B /* Frameworks */ = {
			isa = PBXFrameworksBuildPhase;
			buildActionMask = 2147483647;
			files = (
			);
			runOnlyForDeploymentPostprocessing = 0;
		};
/* End PBXFrameworksBuildPhase section */

/* Begin PBXGroup section */
		E66A074F1BEEA588000BFF3B = {
			isa = PBXGroup;
			children = (
				E66A075A1BEEA588000BFF3B /* DankMemes */,
				E66A07701BEEA588000BFF3B /* DankMemesTests */,
				E66A07821BEEA69B000BFF3B /* LeMemeKeyboard */,
				E66A07591BEEA588000BFF3B /* Products */,
			);
			sourceTree = "<group>";
		};
		E66A07591BEEA588000BFF3B /* Products */ = {
			isa = PBXGroup;
			children = (
				E66A07581BEEA588000BFF3B /* DankMemes.app */,
				E66A076D1BEEA588000BFF3B /* DankMemesTests.xctest */,
				E66A07811BEEA69B000BFF3B /* LeMemeKeyboard.appex */,
			);
			name = Products;
			sourceTree = "<group>";
		};
		E66A075A1BEEA588000BFF3B /* DankMemes */ = {
			isa = PBXGroup;
			children = (
				E66A075D1BEEA588000BFF3B /* AppDelegate.swift */,
				E66A075F1BEEA588000BFF3B /* ViewController.swift */,
				E66A07611BEEA588000BFF3B /* Main.storyboard */,
				E66A07641BEEA588000BFF3B /* Images.xcassets */,
				E66A07661BEEA588000BFF3B /* LaunchScreen.xib */,
				E66A075B1BEEA588000BFF3B /* Supporting Files */,
			);
			path = DankMemes;
			sourceTree = "<group>";
		};
		E66A075B1BEEA588000BFF3B /* Supporting Files */ = {
			isa = PBXGroup;
			children = (
				E66A075C1BEEA588000BFF3B /* Info.plist */,
			);
			name = "Supporting Files";
			sourceTree = "<group>";
		};
		E66A07701BEEA588000BFF3B /* DankMemesTests */ = {
			isa = PBXGroup;
			children = (
				E66A07731BEEA588000BFF3B /* DankMemesTests.swift */,
				E66A07711BEEA588000BFF3B /* Supporting Files */,
			);
			path = DankMemesTests;
			sourceTree = "<group>";
		};
		E66A07711BEEA588000BFF3B /* Supporting Files */ = {
			isa = PBXGroup;
			children = (
				E66A07721BEEA588000BFF3B /* Info.plist */,
			);
			name = "Supporting Files";
			sourceTree = "<group>";
		};
		E66A07821BEEA69B000BFF3B /* LeMemeKeyboard */ = {
			isa = PBXGroup;
			children = (
				E670BB391BEF4EFD002E32BD /* Images */,
				E66A07851BEEA69B000BFF3B /* KeyboardViewController.swift */,
				E66A07831BEEA69B000BFF3B /* Supporting Files */,
			);
			path = LeMemeKeyboard;
			sourceTree = "<group>";
		};
		E66A07831BEEA69B000BFF3B /* Supporting Files */ = {
			isa = PBXGroup;
			children = (
				E66A07841BEEA69B000BFF3B /* Info.plist */,
			);
			name = "Supporting Files";
			sourceTree = "<group>";
		};
		E670BB391BEF4EFD002E32BD /* Images */ = {
			isa = PBXGroup;
			children = (
				AB4966521BEF566A00249276 /* 3a5.jpg */,
				AB4966531BEF566A00249276 /* 3cd8a33a.png */,
				AB4966541BEF566A00249276 /* 6e8.jpg */,
				AB4966551BEF566A00249276 /* 22118345.jpg */,
				AB4966561BEF566A00249276 /* 64662036.jpg */,
				AB4966571BEF566A00249276 /* 14294565452_b674a4a861_z.jpg */,
				AB4966581BEF566A00249276 /* ancient-aliens---illuminati_o_4369323.jpg */,
				AB4966591BEF566A00249276 /* angry_pepe.jpg */,
				AB49665A1BEF566A00249276 /* baby-memes-omg-cute-things-083012-10.jpg */,
				AB49665B1BEF566A00249276 /* BvKQELs.png */,
				AB49665C1BEF566A00249276 /* c2d.jpg */,
				AB49665D1BEF566A00249276 /* dankmemepic.jpg */,
				AB49665E1BEF566A00249276 /* deaf1.jpg */,
				AB49665F1BEF566A00249276 /* DealWithIt-500x330.jpg */,
				AB4966601BEF566A00249276 /* Dec813-funny-memes-63.jpg */,
				AB4966611BEF566A00249276 /* download (1).jpe */,
				AB4966621BEF566A00249276 /* download (2).jpe */,
				AB4966631BEF566A00249276 /* download (3).jpe */,
				AB4966641BEF566A00249276 /* download (4).jpe */,
				AB4966651BEF566A00249276 /* download.jpe */,
				AB4966661BEF566A00249276 /* download.png */,
				AB4966671BEF566A00249276 /* fbd.jpg */,
				AB4966681BEF566A00249276 /* flat,800x800,075,t.u1.jpg */,
				AB4966691BEF566A00249276 /* I-Like-Yer-Style-Dude.jpg */,
				AB49666A1BEF566A00249276 /* il_570xN.770306005_2us4.jpg */,
				AB49666B1BEF566A00249276 /* images (1).jpe */,
				AB49666C1BEF566A00249276 /* images (2).jpe */,
				AB49666D1BEF566A00249276 /* images (3).jpe */,
				AB49666E1BEF566A00249276 /* images (4).jpe */,
				AB49666F1BEF566A00249276 /* images.jpe */,
				AB4966701BEF566A00249276 /* impossibru.jpeg */,
				AB4966711BEF566A00249276 /* JackieChan.png */,
				AB4966721BEF566A00249276 /* oh-really.png */,
				AB4966731BEF566A00249276 /* orly_owl.jpg */,
				AB4966741BEF566A00249276 /* Pepe_7ba1f9_5547399.jpg */,
				AB4966751BEF566A00249276 /* thug-life-meme-glasses.jpeg */,
				AB4966761BEF566A00249276 /* tumblr_nn58tbQYWZ1titub2o1_500.jpg */,
			);
			name = Images;
			sourceTree = "<group>";
		};
/* End PBXGroup section */

/* Begin PBXNativeTarget section */
		E66A07571BEEA588000BFF3B /* DankMemes */ = {
			isa = PBXNativeTarget;
			buildConfigurationList = E66A07771BEEA588000BFF3B /* Build configuration list for PBXNativeTarget "DankMemes" */;
			buildPhases = (
				E66A07541BEEA588000BFF3B /* Sources */,
				E66A07551BEEA588000BFF3B /* Frameworks */,
				E66A07561BEEA588000BFF3B /* Resources */,
				E66A078D1BEEA69B000BFF3B /* Embed App Extensions */,
			);
			buildRules = (
			);
			dependencies = (
				E66A07881BEEA69B000BFF3B /* PBXTargetDependency */,
			);
			name = DankMemes;
			productName = DankMemes;
			productReference = E66A07581BEEA588000BFF3B /* DankMemes.app */;
			productType = "com.apple.product-type.application";
		};
		E66A076C1BEEA588000BFF3B /* DankMemesTests */ = {
			isa = PBXNativeTarget;
			buildConfigurationList = E66A077A1BEEA588000BFF3B /* Build configuration list for PBXNativeTarget "DankMemesTests" */;
			buildPhases = (
				E66A07691BEEA588000BFF3B /* Sources */,
				E66A076A1BEEA588000BFF3B /* Frameworks */,
				E66A076B1BEEA588000BFF3B /* Resources */,
			);
			buildRules = (
			);
			dependencies = (
				E66A076F1BEEA588000BFF3B /* PBXTargetDependency */,
			);
			name = DankMemesTests;
			productName = DankMemesTests;
			productReference = E66A076D1BEEA588000BFF3B /* DankMemesTests.xctest */;
			productType = "com.apple.product-type.bundle.unit-test";
		};
		E66A07801BEEA69B000BFF3B /* LeMemeKeyboard */ = {
			isa = PBXNativeTarget;
			buildConfigurationList = E66A078A1BEEA69B000BFF3B /* Build configuration list for PBXNativeTarget "LeMemeKeyboard" */;
			buildPhases = (
				E66A077D1BEEA69B000BFF3B /* Sources */,
				E66A077E1BEEA69B000BFF3B /* Frameworks */,
				E66A077F1BEEA69B000BFF3B /* Resources */,
			);
			buildRules = (
			);
			dependencies = (
			);
			name = LeMemeKeyboard;
			productName = LeMemeKeyboard;
			productReference = E66A07811BEEA69B000BFF3B /* LeMemeKeyboard.appex */;
			productType = "com.apple.product-type.app-extension";
		};
/* End PBXNativeTarget section */

/* Begin PBXProject section */
		E66A07501BEEA588000BFF3B /* Project object */ = {
			isa = PBXProject;
			attributes = {
				LastSwiftMigration = 0710;
				LastSwiftUpdateCheck = 0710;
				LastUpgradeCheck = 0710;
				ORGANIZATIONNAME = "Pulkit Mahajan";
				TargetAttributes = {
					E66A07571BEEA588000BFF3B = {
						CreatedOnToolsVersion = 6.3.2;
					};
					E66A076C1BEEA588000BFF3B = {
						CreatedOnToolsVersion = 6.3.2;
						TestTargetID = E66A07571BEEA588000BFF3B;
					};
					E66A07801BEEA69B000BFF3B = {
						CreatedOnToolsVersion = 6.3.2;
					};
				};
			};
			buildConfigurationList = E66A07531BEEA588000BFF3B /* Build configuration list for PBXProject "DankMemes" */;
			compatibilityVersion = "Xcode 3.2";
			developmentRegion = English;
			hasScannedForEncodings = 0;
			knownRegions = (
				en,
				Base,
			);
			mainGroup = E66A074F1BEEA588000BFF3B;
			productRefGroup = E66A07591BEEA588000BFF3B /* Products */;
			projectDirPath = "";
			projectRoot = "";
			targets = (
				E66A07571BEEA588000BFF3B /* DankMemes */,
				E66A076C1BEEA588000BFF3B /* DankMemesTests */,
				E66A07801BEEA69B000BFF3B /* LeMemeKeyboard */,
			);
		};
/* End PBXProject section */

/* Begin PBXResourcesBuildPhase section */
		E66A07561BEEA588000BFF3B /* Resources */ = {
			isa = PBXResourcesBuildPhase;
			buildActionMask = 2147483647;
			files = (
				E66A07631BEEA588000BFF3B /* Main.storyboard in Resources */,
				E66A07681BEEA588000BFF3B /* LaunchScreen.xib in Resources */,
				E66A07651BEEA588000BFF3B /* Images.xcassets in Resources */,
			);
			runOnlyForDeploymentPostprocessing = 0;
		};
		E66A076B1BEEA588000BFF3B /* Resources */ = {
			isa = PBXResourcesBuildPhase;
			buildActionMask = 2147483647;
			files = (
			);
			runOnlyForDeploymentPostprocessing = 0;
		};
		E66A077F1BEEA69B000BFF3B /* Resources */ = {
			isa = PBXResourcesBuildPhase;
			buildActionMask = 2147483647;
			files = (
				AB4966901BEF566A00249276 /* images (1).jpe in Resources */,
				AB4966821BEF566A00249276 /* dankmemepic.jpg in Resources */,
				AB49667B1BEF566A00249276 /* 64662036.jpg in Resources */,
				AB4966891BEF566A00249276 /* download (4).jpe in Resources */,
				AB49668D1BEF566A00249276 /* flat,800x800,075,t.u1.jpg in Resources */,
				AB49667E1BEF566A00249276 /* angry_pepe.jpg in Resources */,
				AB4966921BEF566A00249276 /* images (3).jpe in Resources */,
				AB4966851BEF566A00249276 /* Dec813-funny-memes-63.jpg in Resources */,
				AB49667F1BEF566A00249276 /* baby-memes-omg-cute-things-083012-10.jpg in Resources */,
				AB4966881BEF566A00249276 /* download (3).jpe in Resources */,
				AB4966931BEF566A00249276 /* images (4).jpe in Resources */,
				AB49667C1BEF566A00249276 /* 14294565452_b674a4a861_z.jpg in Resources */,
				AB49669A1BEF566A00249276 /* thug-life-meme-glasses.jpeg in Resources */,
				AB49669B1BEF566A00249276 /* tumblr_nn58tbQYWZ1titub2o1_500.jpg in Resources */,
				AB49668F1BEF566A00249276 /* il_570xN.770306005_2us4.jpg in Resources */,
				AB4966801BEF566A00249276 /* BvKQELs.png in Resources */,
				AB4966831BEF566A00249276 /* deaf1.jpg in Resources */,
				AB4966791BEF566A00249276 /* 6e8.jpg in Resources */,
				AB49668E1BEF566A00249276 /* I-Like-Yer-Style-Dude.jpg in Resources */,
				AB4966991BEF566A00249276 /* Pepe_7ba1f9_5547399.jpg in Resources */,
				AB49668B1BEF566A00249276 /* download.png in Resources */,
				AB4966781BEF566A00249276 /* 3cd8a33a.png in Resources */,
				AB4966911BEF566A00249276 /* images (2).jpe in Resources */,
				AB49667A1BEF566A00249276 /* 22118345.jpg in Resources */,
				AB4966871BEF566A00249276 /* download (2).jpe in Resources */,
				AB4966771BEF566A00249276 /* 3a5.jpg in Resources */,
				AB4966941BEF566A00249276 /* images.jpe in Resources */,
				AB49667D1BEF566A00249276 /* ancient-aliens---illuminati_o_4369323.jpg in Resources */,
				AB4966951BEF566A00249276 /* impossibru.jpeg in Resources */,
				AB4966861BEF566A00249276 /* download (1).jpe in Resources */,
				AB49668A1BEF566A00249276 /* download.jpe in Resources */,
				AB49668C1BEF566A00249276 /* fbd.jpg in Resources */,
				AB4966961BEF566A00249276 /* JackieChan.png in Resources */,
				AB4966981BEF566A00249276 /* orly_owl.jpg in Resources */,
				AB4966971BEF566A00249276 /* oh-really.png in Resources */,
				AB4966841BEF566A00249276 /* DealWithIt-500x330.jpg in Resources */,
				AB4966811BEF566A00249276 /* c2d.jpg in Resources */,
			);
			runOnlyForDeploymentPostprocessing = 0;
		};
/* End PBXResourcesBuildPhase section */

/* Begin PBXSourcesBuildPhase section */
		E66A07541BEEA588000BFF3B /* Sources */ = {
			isa = PBXSourcesBuildPhase;
			buildActionMask = 2147483647;
			files = (
				E66A07601BEEA588000BFF3B /* ViewController.swift in Sources */,
				E66A075E1BEEA588000BFF3B /* AppDelegate.swift in Sources */,
			);
			runOnlyForDeploymentPostprocessing = 0;
		};
		E66A07691BEEA588000BFF3B /* Sources */ = {
			isa = PBXSourcesBuildPhase;
			buildActionMask = 2147483647;
			files = (
				E66A07741BEEA588000BFF3B /* DankMemesTests.swift in Sources */,
			);
			runOnlyForDeploymentPostprocessing = 0;
		};
		E66A077D1BEEA69B000BFF3B /* Sources */ = {
			isa = PBXSourcesBuildPhase;
			buildActionMask = 2147483647;
			files = (
				E66A07861BEEA69B000BFF3B /* KeyboardViewController.swift in Sources */,
			);
			runOnlyForDeploymentPostprocessing = 0;
		};
/* End PBXSourcesBuildPhase section */

/* Begin PBXTargetDependency section */
		E66A076F1BEEA588000BFF3B /* PBXTargetDependency */ = {
			isa = PBXTargetDependency;
			target = E66A07571BEEA588000BFF3B /* DankMemes */;
			targetProxy = E66A076E1BEEA588000BFF3B /* PBXContainerItemProxy */;
		};
		E66A07881BEEA69B000BFF3B /* PBXTargetDependency */ = {
			isa = PBXTargetDependency;
			target = E66A07801BEEA69B000BFF3B /* LeMemeKeyboard */;
			targetProxy = E66A07871BEEA69B000BFF3B /* PBXContainerItemProxy */;
		};
/* End PBXTargetDependency section */

/* Begin PBXVariantGroup section */
		E66A07611BEEA588000BFF3B /* Main.storyboard */ = {
			isa = PBXVariantGroup;
			children = (
				E66A07621BEEA588000BFF3B /* Base */,
			);
			name = Main.storyboard;
			sourceTree = "<group>";
		};
		E66A07661BEEA588000BFF3B /* LaunchScreen.xib */ = {
			isa = PBXVariantGroup;
			children = (
				E66A07671BEEA588000BFF3B /* Base */,
			);
			name = LaunchScreen.xib;
			sourceTree = "<group>";
		};
/* End PBXVariantGroup section */

/* Begin XCBuildConfiguration section */
		E66A07751BEEA588000BFF3B /* Debug */ = {
			isa = XCBuildConfiguration;
			buildSettings = {
				ALWAYS_SEARCH_USER_PATHS = NO;
				CLANG_CXX_LANGUAGE_STANDARD = "gnu++0x";
				CLANG_CXX_LIBRARY = "libc++";
				CLANG_ENABLE_MODULES = YES;
				CLANG_ENABLE_OBJC_ARC = YES;
				CLANG_WARN_BOOL_CONVERSION = YES;
				CLANG_WARN_CONSTANT_CONVERSION = YES;
				CLANG_WARN_DIRECT_OBJC_ISA_USAGE = YES_ERROR;
				CLANG_WARN_EMPTY_BODY = YES;
				CLANG_WARN_ENUM_CONVERSION = YES;
				CLANG_WARN_INT_CONVERSION = YES;
				CLANG_WARN_OBJC_ROOT_CLASS = YES_ERROR;
				CLANG_WARN_UNREACHABLE_CODE = YES;
				CLANG_WARN__DUPLICATE_METHOD_MATCH = YES;
				"CODE_SIGN_IDENTITY[sdk=iphoneos*]" = "iPhone Developer";
				COPY_PHASE_STRIP = NO;
				DEBUG_INFORMATION_FORMAT = "dwarf-with-dsym";
				ENABLE_STRICT_OBJC_MSGSEND = YES;
				ENABLE_TESTABILITY = YES;
				GCC_C_LANGUAGE_STANDARD = gnu99;
				GCC_DYNAMIC_NO_PIC = NO;
				GCC_NO_COMMON_BLOCKS = YES;
				GCC_OPTIMIZATION_LEVEL = 0;
				GCC_PREPROCESSOR_DEFINITIONS = (
					"DEBUG=1",
					"$(inherited)",
				);
				GCC_SYMBOLS_PRIVATE_EXTERN = NO;
				GCC_WARN_64_TO_32_BIT_CONVERSION = YES;
				GCC_WARN_ABOUT_RETURN_TYPE = YES_ERROR;
				GCC_WARN_UNDECLARED_SELECTOR = YES;
				GCC_WARN_UNINITIALIZED_AUTOS = YES_AGGRESSIVE;
				GCC_WARN_UNUSED_FUNCTION = YES;
				GCC_WARN_UNUSED_VARIABLE = YES;
				IPHONEOS_DEPLOYMENT_TARGET = 8.3;
				MTL_ENABLE_DEBUG_INFO = YES;
				ONLY_ACTIVE_ARCH = YES;
				SDKROOT = iphoneos;
				SWIFT_OPTIMIZATION_LEVEL = "-Onone";
				TARGETED_DEVICE_FAMILY = "1,2";
			};
			name = Debug;
		};
		E66A07761BEEA588000BFF3B /* Release */ = {
			isa = XCBuildConfiguration;
			buildSettings = {
				ALWAYS_SEARCH_USER_PATHS = NO;
				CLANG_CXX_LANGUAGE_STANDARD = "gnu++0x";
				CLANG_CXX_LIBRARY = "libc++";
				CLANG_ENABLE_MODULES = YES;
				CLANG_ENABLE_OBJC_ARC = YES;
				CLANG_WARN_BOOL_CONVERSION = YES;
				CLANG_WARN_CONSTANT_CONVERSION = YES;
				CLANG_WARN_DIRECT_OBJC_ISA_USAGE = YES_ERROR;
				CLANG_WARN_EMPTY_BODY = YES;
				CLANG_WARN_ENUM_CONVERSION = YES;
				CLANG_WARN_INT_CONVERSION = YES;
				CLANG_WARN_OBJC_ROOT_CLASS = YES_ERROR;
				CLANG_WARN_UNREACHABLE_CODE = YES;
				CLANG_WARN__DUPLICATE_METHOD_MATCH = YES;
				"CODE_SIGN_IDENTITY[sdk=iphoneos*]" = "iPhone Developer";
				COPY_PHASE_STRIP = NO;
				DEBUG_INFORMATION_FORMAT = "dwarf-with-dsym";
				ENABLE_NS_ASSERTIONS = NO;
				ENABLE_STRICT_OBJC_MSGSEND = YES;
				GCC_C_LANGUAGE_STANDARD = gnu99;
				GCC_NO_COMMON_BLOCKS = YES;
				GCC_WARN_64_TO_32_BIT_CONVERSION = YES;
				GCC_WARN_ABOUT_RETURN_TYPE = YES_ERROR;
				GCC_WARN_UNDECLARED_SELECTOR = YES;
				GCC_WARN_UNINITIALIZED_AUTOS = YES_AGGRESSIVE;
				GCC_WARN_UNUSED_FUNCTION = YES;
				GCC_WARN_UNUSED_VARIABLE = YES;
				IPHONEOS_DEPLOYMENT_TARGET = 8.3;
				MTL_ENABLE_DEBUG_INFO = NO;
				SDKROOT = iphoneos;
				TARGETED_DEVICE_FAMILY = "1,2";
				VALIDATE_PRODUCT = YES;
			};
			name = Release;
		};
		E66A07781BEEA588000BFF3B /* Debug */ = {
			isa = XCBuildConfiguration;
			buildSettings = {
				ASSETCATALOG_COMPILER_APPICON_NAME = AppIcon;
				INFOPLIST_FILE = DankMemes/Info.plist;
				IPHONEOS_DEPLOYMENT_TARGET = 8.4;
				LD_RUNPATH_SEARCH_PATHS = "$(inherited) @executable_path/Frameworks";
				PRODUCT_BUNDLE_IDENTIFIER = "com.mahahahajan.$(PRODUCT_NAME:rfc1034identifier)";
				PRODUCT_NAME = "$(TARGET_NAME)";
			};
			name = Debug;
		};
		E66A07791BEEA588000BFF3B /* Release */ = {
			isa = XCBuildConfiguration;
			buildSettings = {
				ASSETCATALOG_COMPILER_APPICON_NAME = AppIcon;
				INFOPLIST_FILE = DankMemes/Info.plist;
				IPHONEOS_DEPLOYMENT_TARGET = 8.4;
				LD_RUNPATH_SEARCH_PATHS = "$(inherited) @executable_path/Frameworks";
				PRODUCT_BUNDLE_IDENTIFIER = "com.mahahahajan.$(PRODUCT_NAME:rfc1034identifier)";
				PRODUCT_NAME = "$(TARGET_NAME)";
			};
			name = Release;
		};
		E66A077B1BEEA588000BFF3B /* Debug */ = {
			isa = XCBuildConfiguration;
			buildSettings = {
				BUNDLE_LOADER = "$(TEST_HOST)";
				FRAMEWORK_SEARCH_PATHS = (
					"$(SDKROOT)/Developer/Library/Frameworks",
					"$(inherited)",
				);
				GCC_PREPROCESSOR_DEFINITIONS = (
					"DEBUG=1",
					"$(inherited)",
				);
				INFOPLIST_FILE = DankMemesTests/Info.plist;
				LD_RUNPATH_SEARCH_PATHS = "$(inherited) @executable_path/Frameworks @loader_path/Frameworks";
				PRODUCT_BUNDLE_IDENTIFIER = "com.mahahahajan.$(PRODUCT_NAME:rfc1034identifier)";
				PRODUCT_NAME = "$(TARGET_NAME)";
				TEST_HOST = "$(BUILT_PRODUCTS_DIR)/DankMemes.app/DankMemes";
			};
			name = Debug;
		};
		E66A077C1BEEA588000BFF3B /* Release */ = {
			isa = XCBuildConfiguration;
			buildSettings = {
				BUNDLE_LOADER = "$(TEST_HOST)";
				FRAMEWORK_SEARCH_PATHS = (
					"$(SDKROOT)/Developer/Library/Frameworks",
					"$(inherited)",
				);
				INFOPLIST_FILE = DankMemesTests/Info.plist;
				LD_RUNPATH_SEARCH_PATHS = "$(inherited) @executable_path/Frameworks @loader_path/Frameworks";
				PRODUCT_BUNDLE_IDENTIFIER = "com.mahahahajan.$(PRODUCT_NAME:rfc1034identifier)";
				PRODUCT_NAME = "$(TARGET_NAME)";
				TEST_HOST = "$(BUILT_PRODUCTS_DIR)/DankMemes.app/DankMemes";
			};
			name = Release;
		};
		E66A078B1BEEA69B000BFF3B /* Debug */ = {
			isa = XCBuildConfiguration;
			buildSettings = {
				GCC_PREPROCESSOR_DEFINITIONS = (
					"DEBUG=1",
					"$(inherited)",
				);
				INFOPLIST_FILE = LeMemeKeyboard/Info.plist;
				LD_RUNPATH_SEARCH_PATHS = "$(inherited) @executable_path/Frameworks @executable_path/../../Frameworks";
				PRODUCT_BUNDLE_IDENTIFIER = "com.mahahahajan.DankMemes.$(PRODUCT_NAME:rfc1034identifier)";
				PRODUCT_NAME = "$(TARGET_NAME)";
				SKIP_INSTALL = YES;
			};
			name = Debug;
		};
		E66A078C1BEEA69B000BFF3B /* Release */ = {
			isa = XCBuildConfiguration;
			buildSettings = {
				INFOPLIST_FILE = LeMemeKeyboard/Info.plist;
				LD_RUNPATH_SEARCH_PATHS = "$(inherited) @executable_path/Frameworks @executable_path/../../Frameworks";
				PRODUCT_BUNDLE_IDENTIFIER = "com.mahahahajan.DankMemes.$(PRODUCT_NAME:rfc1034identifier)";
				PRODUCT_NAME = "$(TARGET_NAME)";
				SKIP_INSTALL = YES;
			};
			name = Release;
		};
/* End XCBuildConfiguration section */

/* Begin XCConfigurationList section */
		E66A07531BEEA588000BFF3B /* Build configuration list for PBXProject "DankMemes" */ = {
			isa = XCConfigurationList;
			buildConfigurations = (
				E66A07751BEEA588000BFF3B /* Debug */,
				E66A07761BEEA588000BFF3B /* Release */,
			);
			defaultConfigurationIsVisible = 0;
			defaultConfigurationName = Release;
		};
		E66A07771BEEA588000BFF3B /* Build configuration list for PBXNativeTarget "DankMemes" */ = {
			isa = XCConfigurationList;
			buildConfigurations = (
				E66A07781BEEA588000BFF3B /* Debug */,
				E66A07791BEEA588000BFF3B /* Release */,
			);
			defaultConfigurationIsVisible = 0;
			defaultConfigurationName = Release;
		};
		E66A077A1BEEA588000BFF3B /* Build configuration list for PBXNativeTarget "DankMemesTests" */ = {
			isa = XCConfigurationList;
			buildConfigurations = (
				E66A077B1BEEA588000BFF3B /* Debug */,
				E66A077C1BEEA588000BFF3B /* Release */,
			);
			defaultConfigurationIsVisible = 0;
			defaultConfigurationName = Release;
		};
		E66A078A1BEEA69B000BFF3B /* Build configuration list for PBXNativeTarget "LeMemeKeyboard" */ = {
			isa = XCConfigurationList;
			buildConfigurations = (
				E66A078B1BEEA69B000BFF3B /* Debug */,
				E66A078C1BEEA69B000BFF3B /* Release */,
			);
			defaultConfigurationIsVisible = 0;
			defaultConfigurationName = Release;
		};
/* End XCConfigurationList section */
	};
	rootObject = E66A07501BEEA588000BFF3B /* Project object */;
}
